
Microsoft Visual Studio Solution File, Format Version 12.00
# Visual Studio 2013
VisualStudioVersion = 12.0.30723.0
MinimumVisualStudioVersion = 10.0.40219.1
Project("{FAE04EC0-301F-11D3-BF4B-00C04F79EFBC}") = "XPlatMvvmLabApp.Android", "XPlatMvvmLabApp.Android\XPlatMvvmLabApp.Android.csproj", "{E6C6753B-A993-4AAE-88C3-610A37AB177B}"
EndProject
Project("{FAE04EC0-301F-11D3-BF4B-00C04F79EFBC}") = "SharedPresentationLib.PCL", "SharedPresentationLib.PCL\SharedPresentationLib.PCL.csproj", "{18B3216D-F1C7-4788-85CC-2D7E12EA974B}"
EndProject
Project("{FAE04EC0-301F-11D3-BF4B-00C04F79EFBC}") = "PresentationLib.Android", "PresentationLib.Android\PresentationLib.Android.csproj", "{CBE2B61B-EFB0-42AF-BE8C-3B8CE3810A8C}"
EndProject
Project("{FAE04EC0-301F-11D3-BF4B-00C04F79EFBC}") = "PresentationLib.iOS", "PresentationLib.iOS\PresentationLib.iOS.csproj", "{641EFB3B-A90B-4431-B950-01A99CA8C3D9}"
EndProject
Project("{FAE04EC0-301F-11D3-BF4B-00C04F79EFBC}") = "XPlatMvvmLabApp.iOS", "XPlatMvvmLabApp.iOS\XPlatMvvmLabApp.iOS.csproj", "{8D193642-36AF-42B0-A839-4DA040D003D3}"
EndProject
Project("{FAE04EC0-301F-11D3-BF4B-00C04F79EFBC}") = "UIComponentsLib.Android", "UIComponentsLib.Android\UIComponentsLib.Android.csproj", "{E94A8A02-ACA6-4925-980B-16005FC7C6AE}"
EndProject
Project("{FAE04EC0-301F-11D3-BF4B-00C04F79EFBC}") = "CoreLib.PCL", "CoreLib.PCL\CoreLib.PCL.csproj", "{E7761FE6-53C2-46B3-8161-AA4DC94A268F}"
EndProject
Project("{FAE04EC0-301F-11D3-BF4B-00C04F79EFBC}") = "UIComponentsLib.iOS", "UIComponentsLib.iOS\UIComponentsLib.iOS.csproj", "{4D0A5BD4-7496-4F80-965C-EF8039445CB3}"
EndProject
Project("{FAE04EC0-301F-11D3-BF4B-00C04F79EFBC}") = "PresentationLib.XF", "PresentationLib.XF\PresentationLib.XF.csproj", "{52896B8A-CEEA-49CD-8B43-B0BA972008F7}"
EndProject
Project("{FAE04EC0-301F-11D3-BF4B-00C04F79EFBC}") = "PresentationLib.XF.Android", "PresentationLib.XF.Android\PresentationLib.XF.Android.csproj", "{69473C46-3A43-4EEA-A744-86BD5A924BA2}"
EndProject
Project("{FAE04EC0-301F-11D3-BF4B-00C04F79EFBC}") = "XPlatMvvmLabApp.XF.Android", "XPlatMvvmLabApp.XF.Android\XPlatMvvmLabApp.XF.Android.csproj", "{3D55B9CE-6E15-4960-B13C-E06F1398C110}"
EndProject
Project("{FAE04EC0-301F-11D3-BF4B-00C04F79EFBC}") = "PresentationLib.XF.iOS", "PresentationLib.XF.iOS\PresentationLib.XF.iOS.csproj", "{24AFB0C5-B543-4D57-91E9-9048D6E655B1}"
EndProject
Project("{FAE04EC0-301F-11D3-BF4B-00C04F79EFBC}") = "XPlatMvvmLabApp.XF.iOS", "XPlatMvvmLabApp.XF.iOS\XPlatMvvmLabApp.XF.iOS.csproj", "{6E3FC298-C421-4958-88A1-3D35B99CAC54}"
EndProject
Project("{FAE04EC0-301F-11D3-BF4B-00C04F79EFBC}") = "PresentationLib.WP81", "PresentationLib.WP81\PresentationLib.WP81.csproj", "{7B00ED83-7CC5-4DFB-8D01-E16B4F4C14DB}"
EndProject
Project("{FAE04EC0-301F-11D3-BF4B-00C04F79EFBC}") = "XPlatMvvmLabApp.WP81", "XPlatMvvmLabApp.WP81\XPlatMvvmLabApp.WP81.csproj", "{ED7DCA37-B318-4E6D-847D-CFA30B94A26C}"
EndProject
Project("{FAE04EC0-301F-11D3-BF4B-00C04F79EFBC}") = "PresentationLib.XF.WP8SL", "PresentationLib.XF.WP8SL\PresentationLib.XF.WP8SL.csproj", "{43FBB948-8431-4612-ABFB-4990E73AF62C}"
EndProject
Project("{FAE04EC0-301F-11D3-BF4B-00C04F79EFBC}") = "XPlatMvvmLabApp.XF.WP8SL", "XPlatMvvmLabApp.XF.WP8SL\XPlatMvvmLabApp.XF.WP8SL.csproj", "{4662B145-E3AE-44F8-8C76-C83447B162A1}"
EndProject
Global
	GlobalSection(SolutionConfigurationPlatforms) = preSolution
		Ad-Hoc|Android = Ad-Hoc|Android
		Ad-Hoc|iPhone = Ad-Hoc|iPhone
		Ad-Hoc|iPhoneSimulator = Ad-Hoc|iPhoneSimulator
		Ad-Hoc|Windows ARM = Ad-Hoc|Windows ARM
		Ad-Hoc|Windows x86 = Ad-Hoc|Windows x86
		AppStore|Android = AppStore|Android
		AppStore|iPhone = AppStore|iPhone
		AppStore|iPhoneSimulator = AppStore|iPhoneSimulator
		AppStore|Windows ARM = AppStore|Windows ARM
		AppStore|Windows x86 = AppStore|Windows x86
		Debug|Android = Debug|Android
		Debug|iPhone = Debug|iPhone
		Debug|iPhoneSimulator = Debug|iPhoneSimulator
		Debug|Windows ARM = Debug|Windows ARM
		Debug|Windows x86 = Debug|Windows x86
		Release|Android = Release|Android
		Release|iPhone = Release|iPhone
		Release|iPhoneSimulator = Release|iPhoneSimulator
		Release|Windows ARM = Release|Windows ARM
		Release|Windows x86 = Release|Windows x86
	EndGlobalSection
	GlobalSection(ProjectConfigurationPlatforms) = postSolution
		{E6C6753B-A993-4AAE-88C3-610A37AB177B}.Ad-Hoc|Android.ActiveCfg = Release|Any CPU
		{E6C6753B-A993-4AAE-88C3-610A37AB177B}.Ad-Hoc|iPhone.ActiveCfg = Debug|Any CPU
		{E6C6753B-A993-4AAE-88C3-610A37AB177B}.Ad-Hoc|iPhoneSimulator.ActiveCfg = Release|Any CPU
		{E6C6753B-A993-4AAE-88C3-610A37AB177B}.Ad-Hoc|Windows ARM.ActiveCfg = Release|Any CPU
		{E6C6753B-A993-4AAE-88C3-610A37AB177B}.Ad-Hoc|Windows x86.ActiveCfg = Release|Any CPU
		{E6C6753B-A993-4AAE-88C3-610A37AB177B}.AppStore|Android.ActiveCfg = Release|Any CPU
		{E6C6753B-A993-4AAE-88C3-610A37AB177B}.AppStore|iPhone.ActiveCfg = Debug|Any CPU
		{E6C6753B-A993-4AAE-88C3-610A37AB177B}.AppStore|iPhoneSimulator.ActiveCfg = Release|Any CPU
		{E6C6753B-A993-4AAE-88C3-610A37AB177B}.AppStore|Windows ARM.ActiveCfg = Release|Any CPU
		{E6C6753B-A993-4AAE-88C3-610A37AB177B}.AppStore|Windows x86.ActiveCfg = Release|Any CPU
		{E6C6753B-A993-4AAE-88C3-610A37AB177B}.Debug|Android.ActiveCfg = Debug|Any CPU
		{E6C6753B-A993-4AAE-88C3-610A37AB177B}.Debug|Android.Build.0 = Debug|Any CPU
		{E6C6753B-A993-4AAE-88C3-610A37AB177B}.Debug|Android.Deploy.0 = Debug|Any CPU
		{E6C6753B-A993-4AAE-88C3-610A37AB177B}.Debug|iPhone.ActiveCfg = Debug|Any CPU
		{E6C6753B-A993-4AAE-88C3-610A37AB177B}.Debug|iPhoneSimulator.ActiveCfg = Debug|Any CPU
		{E6C6753B-A993-4AAE-88C3-610A37AB177B}.Debug|Windows ARM.ActiveCfg = Debug|Any CPU
		{E6C6753B-A993-4AAE-88C3-610A37AB177B}.Debug|Windows x86.ActiveCfg = Debug|Any CPU
		{E6C6753B-A993-4AAE-88C3-610A37AB177B}.Release|Android.ActiveCfg = Release|Any CPU
		{E6C6753B-A993-4AAE-88C3-610A37AB177B}.Release|Android.Build.0 = Release|Any CPU
		{E6C6753B-A993-4AAE-88C3-610A37AB177B}.Release|Android.Deploy.0 = Release|Any CPU
		{E6C6753B-A993-4AAE-88C3-610A37AB177B}.Release|iPhone.ActiveCfg = Release|Any CPU
		{E6C6753B-A993-4AAE-88C3-610A37AB177B}.Release|iPhoneSimulator.ActiveCfg = Release|Any CPU
		{E6C6753B-A993-4AAE-88C3-610A37AB177B}.Release|Windows ARM.ActiveCfg = Release|Any CPU
		{E6C6753B-A993-4AAE-88C3-610A37AB177B}.Release|Windows x86.ActiveCfg = Release|Any CPU
		{18B3216D-F1C7-4788-85CC-2D7E12EA974B}.Ad-Hoc|Android.ActiveCfg = Release|Any CPU
		{18B3216D-F1C7-4788-85CC-2D7E12EA974B}.Ad-Hoc|iPhone.ActiveCfg = Debug|Any CPU
		{18B3216D-F1C7-4788-85CC-2D7E12EA974B}.Ad-Hoc|iPhone.Build.0 = Debug|Any CPU
		{18B3216D-F1C7-4788-85CC-2D7E12EA974B}.Ad-Hoc|iPhoneSimulator.ActiveCfg = Release|Any CPU
		{18B3216D-F1C7-4788-85CC-2D7E12EA974B}.Ad-Hoc|Windows ARM.ActiveCfg = Release|Any CPU
		{18B3216D-F1C7-4788-85CC-2D7E12EA974B}.Ad-Hoc|Windows x86.ActiveCfg = Release|Any CPU
		{18B3216D-F1C7-4788-85CC-2D7E12EA974B}.AppStore|Android.ActiveCfg = Release|Any CPU
		{18B3216D-F1C7-4788-85CC-2D7E12EA974B}.AppStore|iPhone.ActiveCfg = Debug|Any CPU
		{18B3216D-F1C7-4788-85CC-2D7E12EA974B}.AppStore|iPhone.Build.0 = Debug|Any CPU
		{18B3216D-F1C7-4788-85CC-2D7E12EA974B}.AppStore|iPhoneSimulator.ActiveCfg = Release|Any CPU
		{18B3216D-F1C7-4788-85CC-2D7E12EA974B}.AppStore|Windows ARM.ActiveCfg = Release|Any CPU
		{18B3216D-F1C7-4788-85CC-2D7E12EA974B}.AppStore|Windows x86.ActiveCfg = Release|Any CPU
		{18B3216D-F1C7-4788-85CC-2D7E12EA974B}.Debug|Android.ActiveCfg = Debug|Any CPU
		{18B3216D-F1C7-4788-85CC-2D7E12EA974B}.Debug|Android.Build.0 = Debug|Any CPU
		{18B3216D-F1C7-4788-85CC-2D7E12EA974B}.Debug|iPhone.ActiveCfg = Debug|Any CPU
		{18B3216D-F1C7-4788-85CC-2D7E12EA974B}.Debug|iPhone.Build.0 = Debug|Any CPU
		{18B3216D-F1C7-4788-85CC-2D7E12EA974B}.Debug|iPhoneSimulator.ActiveCfg = Debug|Any CPU
		{18B3216D-F1C7-4788-85CC-2D7E12EA974B}.Debug|iPhoneSimulator.Build.0 = Debug|Any CPU
		{18B3216D-F1C7-4788-85CC-2D7E12EA974B}.Debug|Windows ARM.ActiveCfg = Debug|Any CPU
		{18B3216D-F1C7-4788-85CC-2D7E12EA974B}.Debug|Windows ARM.Build.0 = Debug|Any CPU
		{18B3216D-F1C7-4788-85CC-2D7E12EA974B}.Debug|Windows x86.ActiveCfg = Debug|Any CPU
		{18B3216D-F1C7-4788-85CC-2D7E12EA974B}.Debug|Windows x86.Build.0 = Debug|Any CPU
		{18B3216D-F1C7-4788-85CC-2D7E12EA974B}.Release|Android.ActiveCfg = Release|Any CPU
		{18B3216D-F1C7-4788-85CC-2D7E12EA974B}.Release|Android.Build.0 = Release|Any CPU
		{18B3216D-F1C7-4788-85CC-2D7E12EA974B}.Release|iPhone.ActiveCfg = Release|Any CPU
		{18B3216D-F1C7-4788-85CC-2D7E12EA974B}.Release|iPhone.Build.0 = Release|Any CPU
		{18B3216D-F1C7-4788-85CC-2D7E12EA974B}.Release|iPhoneSimulator.ActiveCfg = Release|Any CPU
		{18B3216D-F1C7-4788-85CC-2D7E12EA974B}.Release|iPhoneSimulator.Build.0 = Release|Any CPU
		{18B3216D-F1C7-4788-85CC-2D7E12EA974B}.Release|Windows ARM.ActiveCfg = Release|Any CPU
		{18B3216D-F1C7-4788-85CC-2D7E12EA974B}.Release|Windows ARM.Build.0 = Release|Any CPU
		{18B3216D-F1C7-4788-85CC-2D7E12EA974B}.Release|Windows x86.ActiveCfg = Release|Any CPU
		{18B3216D-F1C7-4788-85CC-2D7E12EA974B}.Release|Windows x86.Build.0 = Release|Any CPU
		{CBE2B61B-EFB0-42AF-BE8C-3B8CE3810A8C}.Ad-Hoc|Android.ActiveCfg = Release|Any CPU
		{CBE2B61B-EFB0-42AF-BE8C-3B8CE3810A8C}.Ad-Hoc|iPhone.ActiveCfg = Debug|Any CPU
		{CBE2B61B-EFB0-42AF-BE8C-3B8CE3810A8C}.Ad-Hoc|iPhoneSimulator.ActiveCfg = Release|Any CPU
		{CBE2B61B-EFB0-42AF-BE8C-3B8CE3810A8C}.Ad-Hoc|Windows ARM.ActiveCfg = Release|Any CPU
		{CBE2B61B-EFB0-42AF-BE8C-3B8CE3810A8C}.Ad-Hoc|Windows x86.ActiveCfg = Release|Any CPU
		{CBE2B61B-EFB0-42AF-BE8C-3B8CE3810A8C}.AppStore|Android.ActiveCfg = Release|Any CPU
		{CBE2B61B-EFB0-42AF-BE8C-3B8CE3810A8C}.AppStore|iPhone.ActiveCfg = Debug|Any CPU
		{CBE2B61B-EFB0-42AF-BE8C-3B8CE3810A8C}.AppStore|iPhoneSimulator.ActiveCfg = Release|Any CPU
		{CBE2B61B-EFB0-42AF-BE8C-3B8CE3810A8C}.AppStore|Windows ARM.ActiveCfg = Release|Any CPU
		{CBE2B61B-EFB0-42AF-BE8C-3B8CE3810A8C}.AppStore|Windows x86.ActiveCfg = Release|Any CPU
		{CBE2B61B-EFB0-42AF-BE8C-3B8CE3810A8C}.Debug|Android.ActiveCfg = Debug|Any CPU
		{CBE2B61B-EFB0-42AF-BE8C-3B8CE3810A8C}.Debug|Android.Build.0 = Debug|Any CPU
		{CBE2B61B-EFB0-42AF-BE8C-3B8CE3810A8C}.Debug|iPhone.ActiveCfg = Debug|Any CPU
		{CBE2B61B-EFB0-42AF-BE8C-3B8CE3810A8C}.Debug|iPhoneSimulator.ActiveCfg = Debug|Any CPU
		{CBE2B61B-EFB0-42AF-BE8C-3B8CE3810A8C}.Debug|Windows ARM.ActiveCfg = Debug|Any CPU
		{CBE2B61B-EFB0-42AF-BE8C-3B8CE3810A8C}.Debug|Windows x86.ActiveCfg = Debug|Any CPU
		{CBE2B61B-EFB0-42AF-BE8C-3B8CE3810A8C}.Release|Android.ActiveCfg = Release|Any CPU
		{CBE2B61B-EFB0-42AF-BE8C-3B8CE3810A8C}.Release|Android.Build.0 = Release|Any CPU
		{CBE2B61B-EFB0-42AF-BE8C-3B8CE3810A8C}.Release|iPhone.ActiveCfg = Release|Any CPU
		{CBE2B61B-EFB0-42AF-BE8C-3B8CE3810A8C}.Release|iPhoneSimulator.ActiveCfg = Release|Any CPU
		{CBE2B61B-EFB0-42AF-BE8C-3B8CE3810A8C}.Release|Windows ARM.ActiveCfg = Release|Any CPU
		{CBE2B61B-EFB0-42AF-BE8C-3B8CE3810A8C}.Release|Windows x86.ActiveCfg = Release|Any CPU
		{641EFB3B-A90B-4431-B950-01A99CA8C3D9}.Ad-Hoc|Android.ActiveCfg = Release|Any CPU
		{641EFB3B-A90B-4431-B950-01A99CA8C3D9}.Ad-Hoc|iPhone.ActiveCfg = Debug|Any CPU
		{641EFB3B-A90B-4431-B950-01A99CA8C3D9}.Ad-Hoc|iPhone.Build.0 = Debug|Any CPU
		{641EFB3B-A90B-4431-B950-01A99CA8C3D9}.Ad-Hoc|iPhoneSimulator.ActiveCfg = Release|Any CPU
		{641EFB3B-A90B-4431-B950-01A99CA8C3D9}.Ad-Hoc|Windows ARM.ActiveCfg = Release|Any CPU
		{641EFB3B-A90B-4431-B950-01A99CA8C3D9}.Ad-Hoc|Windows x86.ActiveCfg = Release|Any CPU
		{641EFB3B-A90B-4431-B950-01A99CA8C3D9}.AppStore|Android.ActiveCfg = Release|Any CPU
		{641EFB3B-A90B-4431-B950-01A99CA8C3D9}.AppStore|iPhone.ActiveCfg = Debug|Any CPU
		{641EFB3B-A90B-4431-B950-01A99CA8C3D9}.AppStore|iPhone.Build.0 = Debug|Any CPU
		{641EFB3B-A90B-4431-B950-01A99CA8C3D9}.AppStore|iPhoneSimulator.ActiveCfg = Release|Any CPU
		{641EFB3B-A90B-4431-B950-01A99CA8C3D9}.AppStore|Windows ARM.ActiveCfg = Release|Any CPU
		{641EFB3B-A90B-4431-B950-01A99CA8C3D9}.AppStore|Windows x86.ActiveCfg = Release|Any CPU
		{641EFB3B-A90B-4431-B950-01A99CA8C3D9}.Debug|Android.ActiveCfg = Debug|Any CPU
		{641EFB3B-A90B-4431-B950-01A99CA8C3D9}.Debug|iPhone.ActiveCfg = Debug|Any CPU
		{641EFB3B-A90B-4431-B950-01A99CA8C3D9}.Debug|iPhone.Build.0 = Debug|Any CPU
		{641EFB3B-A90B-4431-B950-01A99CA8C3D9}.Debug|iPhoneSimulator.ActiveCfg = Debug|Any CPU
		{641EFB3B-A90B-4431-B950-01A99CA8C3D9}.Debug|iPhoneSimulator.Build.0 = Debug|Any CPU
		{641EFB3B-A90B-4431-B950-01A99CA8C3D9}.Debug|Windows ARM.ActiveCfg = Debug|Any CPU
		{641EFB3B-A90B-4431-B950-01A99CA8C3D9}.Debug|Windows x86.ActiveCfg = Debug|Any CPU
		{641EFB3B-A90B-4431-B950-01A99CA8C3D9}.Release|Android.ActiveCfg = Release|Any CPU
		{641EFB3B-A90B-4431-B950-01A99CA8C3D9}.Release|iPhone.ActiveCfg = Release|Any CPU
		{641EFB3B-A90B-4431-B950-01A99CA8C3D9}.Release|iPhone.Build.0 = Release|Any CPU
		{641EFB3B-A90B-4431-B950-01A99CA8C3D9}.Release|iPhoneSimulator.ActiveCfg = Release|Any CPU
		{641EFB3B-A90B-4431-B950-01A99CA8C3D9}.Release|iPhoneSimulator.Build.0 = Release|Any CPU
		{641EFB3B-A90B-4431-B950-01A99CA8C3D9}.Release|Windows ARM.ActiveCfg = Release|Any CPU
		{641EFB3B-A90B-4431-B950-01A99CA8C3D9}.Release|Windows x86.ActiveCfg = Release|Any CPU
		{8D193642-36AF-42B0-A839-4DA040D003D3}.Ad-Hoc|Android.ActiveCfg = Ad-Hoc|iPhone
		{8D193642-36AF-42B0-A839-4DA040D003D3}.Ad-Hoc|iPhone.ActiveCfg = Ad-Hoc|iPhone
		{8D193642-36AF-42B0-A839-4DA040D003D3}.Ad-Hoc|iPhone.Build.0 = Ad-Hoc|iPhone
		{8D193642-36AF-42B0-A839-4DA040D003D3}.Ad-Hoc|iPhoneSimulator.ActiveCfg = Ad-Hoc|iPhone
		{8D193642-36AF-42B0-A839-4DA040D003D3}.Ad-Hoc|Windows ARM.ActiveCfg = Ad-Hoc|iPhoneSimulator
		{8D193642-36AF-42B0-A839-4DA040D003D3}.Ad-Hoc|Windows x86.ActiveCfg = Ad-Hoc|iPhoneSimulator
		{8D193642-36AF-42B0-A839-4DA040D003D3}.AppStore|Android.ActiveCfg = AppStore|iPhone
		{8D193642-36AF-42B0-A839-4DA040D003D3}.AppStore|iPhone.ActiveCfg = AppStore|iPhone
		{8D193642-36AF-42B0-A839-4DA040D003D3}.AppStore|iPhone.Build.0 = AppStore|iPhone
		{8D193642-36AF-42B0-A839-4DA040D003D3}.AppStore|iPhoneSimulator.ActiveCfg = AppStore|iPhone
		{8D193642-36AF-42B0-A839-4DA040D003D3}.AppStore|Windows ARM.ActiveCfg = AppStore|iPhoneSimulator
		{8D193642-36AF-42B0-A839-4DA040D003D3}.AppStore|Windows x86.ActiveCfg = AppStore|iPhoneSimulator
		{8D193642-36AF-42B0-A839-4DA040D003D3}.Debug|Android.ActiveCfg = Debug|iPhoneSimulator
		{8D193642-36AF-42B0-A839-4DA040D003D3}.Debug|iPhone.ActiveCfg = Debug|iPhone
		{8D193642-36AF-42B0-A839-4DA040D003D3}.Debug|iPhone.Build.0 = Debug|iPhone
		{8D193642-36AF-42B0-A839-4DA040D003D3}.Debug|iPhoneSimulator.ActiveCfg = Debug|iPhoneSimulator
		{8D193642-36AF-42B0-A839-4DA040D003D3}.Debug|iPhoneSimulator.Build.0 = Debug|iPhoneSimulator
		{8D193642-36AF-42B0-A839-4DA040D003D3}.Debug|Windows ARM.ActiveCfg = Debug|iPhone
		{8D193642-36AF-42B0-A839-4DA040D003D3}.Debug|Windows x86.ActiveCfg = Debug|iPhone
		{8D193642-36AF-42B0-A839-4DA040D003D3}.Release|Android.ActiveCfg = Release|iPhoneSimulator
		{8D193642-36AF-42B0-A839-4DA040D003D3}.Release|iPhone.ActiveCfg = Release|iPhone
		{8D193642-36AF-42B0-A839-4DA040D003D3}.Release|iPhone.Build.0 = Release|iPhone
		{8D193642-36AF-42B0-A839-4DA040D003D3}.Release|iPhoneSimulator.ActiveCfg = Release|iPhoneSimulator
		{8D193642-36AF-42B0-A839-4DA040D003D3}.Release|iPhoneSimulator.Build.0 = Release|iPhoneSimulator
		{8D193642-36AF-42B0-A839-4DA040D003D3}.Release|Windows ARM.ActiveCfg = Release|iPhone
		{8D193642-36AF-42B0-A839-4DA040D003D3}.Release|Windows x86.ActiveCfg = Release|iPhone
		{E94A8A02-ACA6-4925-980B-16005FC7C6AE}.Ad-Hoc|Android.ActiveCfg = Release|Any CPU
		{E94A8A02-ACA6-4925-980B-16005FC7C6AE}.Ad-Hoc|iPhone.ActiveCfg = Debug|Any CPU
		{E94A8A02-ACA6-4925-980B-16005FC7C6AE}.Ad-Hoc|iPhoneSimulator.ActiveCfg = Release|Any CPU
		{E94A8A02-ACA6-4925-980B-16005FC7C6AE}.Ad-Hoc|Windows ARM.ActiveCfg = Release|Any CPU
		{E94A8A02-ACA6-4925-980B-16005FC7C6AE}.Ad-Hoc|Windows x86.ActiveCfg = Release|Any CPU
		{E94A8A02-ACA6-4925-980B-16005FC7C6AE}.AppStore|Android.ActiveCfg = Release|Any CPU
		{E94A8A02-ACA6-4925-980B-16005FC7C6AE}.AppStore|iPhone.ActiveCfg = Debug|Any CPU
		{E94A8A02-ACA6-4925-980B-16005FC7C6AE}.AppStore|iPhoneSimulator.ActiveCfg = Release|Any CPU
		{E94A8A02-ACA6-4925-980B-16005FC7C6AE}.AppStore|Windows ARM.ActiveCfg = Release|Any CPU
		{E94A8A02-ACA6-4925-980B-16005FC7C6AE}.AppStore|Windows x86.ActiveCfg = Release|Any CPU
		{E94A8A02-ACA6-4925-980B-16005FC7C6AE}.Debug|Android.ActiveCfg = Debug|Any CPU
		{E94A8A02-ACA6-4925-980B-16005FC7C6AE}.Debug|Android.Build.0 = Debug|Any CPU
		{E94A8A02-ACA6-4925-980B-16005FC7C6AE}.Debug|iPhone.ActiveCfg = Debug|Any CPU
		{E94A8A02-ACA6-4925-980B-16005FC7C6AE}.Debug|iPhoneSimulator.ActiveCfg = Debug|Any CPU
		{E94A8A02-ACA6-4925-980B-16005FC7C6AE}.Debug|Windows ARM.ActiveCfg = Debug|Any CPU
		{E94A8A02-ACA6-4925-980B-16005FC7C6AE}.Debug|Windows x86.ActiveCfg = Debug|Any CPU
		{E94A8A02-ACA6-4925-980B-16005FC7C6AE}.Release|Android.ActiveCfg = Release|Any CPU
		{E94A8A02-ACA6-4925-980B-16005FC7C6AE}.Release|Android.Build.0 = Release|Any CPU
		{E94A8A02-ACA6-4925-980B-16005FC7C6AE}.Release|iPhone.ActiveCfg = Release|Any CPU
		{E94A8A02-ACA6-4925-980B-16005FC7C6AE}.Release|iPhoneSimulator.ActiveCfg = Release|Any CPU
		{E94A8A02-ACA6-4925-980B-16005FC7C6AE}.Release|Windows ARM.ActiveCfg = Release|Any CPU
		{E94A8A02-ACA6-4925-980B-16005FC7C6AE}.Release|Windows x86.ActiveCfg = Release|Any CPU
		{E7761FE6-53C2-46B3-8161-AA4DC94A268F}.Ad-Hoc|Android.ActiveCfg = Release|Any CPU
		{E7761FE6-53C2-46B3-8161-AA4DC94A268F}.Ad-Hoc|iPhone.ActiveCfg = Debug|Any CPU
		{E7761FE6-53C2-46B3-8161-AA4DC94A268F}.Ad-Hoc|iPhone.Build.0 = Debug|Any CPU
		{E7761FE6-53C2-46B3-8161-AA4DC94A268F}.Ad-Hoc|iPhoneSimulator.ActiveCfg = Release|Any CPU
		{E7761FE6-53C2-46B3-8161-AA4DC94A268F}.Ad-Hoc|Windows ARM.ActiveCfg = Release|Any CPU
		{E7761FE6-53C2-46B3-8161-AA4DC94A268F}.Ad-Hoc|Windows x86.ActiveCfg = Release|Any CPU
		{E7761FE6-53C2-46B3-8161-AA4DC94A268F}.AppStore|Android.ActiveCfg = Release|Any CPU
		{E7761FE6-53C2-46B3-8161-AA4DC94A268F}.AppStore|iPhone.ActiveCfg = Debug|Any CPU
		{E7761FE6-53C2-46B3-8161-AA4DC94A268F}.AppStore|iPhone.Build.0 = Debug|Any CPU
		{E7761FE6-53C2-46B3-8161-AA4DC94A268F}.AppStore|iPhoneSimulator.ActiveCfg = Release|Any CPU
		{E7761FE6-53C2-46B3-8161-AA4DC94A268F}.AppStore|Windows ARM.ActiveCfg = Release|Any CPU
		{E7761FE6-53C2-46B3-8161-AA4DC94A268F}.AppStore|Windows x86.ActiveCfg = Release|Any CPU
		{E7761FE6-53C2-46B3-8161-AA4DC94A268F}.Debug|Android.ActiveCfg = Debug|Any CPU
		{E7761FE6-53C2-46B3-8161-AA4DC94A268F}.Debug|Android.Build.0 = Debug|Any CPU
		{E7761FE6-53C2-46B3-8161-AA4DC94A268F}.Debug|iPhone.ActiveCfg = Debug|Any CPU
		{E7761FE6-53C2-46B3-8161-AA4DC94A268F}.Debug|iPhone.Build.0 = Debug|Any CPU
		{E7761FE6-53C2-46B3-8161-AA4DC94A268F}.Debug|iPhoneSimulator.ActiveCfg = Debug|Any CPU
		{E7761FE6-53C2-46B3-8161-AA4DC94A268F}.Debug|iPhoneSimulator.Build.0 = Debug|Any CPU
		{E7761FE6-53C2-46B3-8161-AA4DC94A268F}.Debug|Windows ARM.ActiveCfg = Debug|Any CPU
		{E7761FE6-53C2-46B3-8161-AA4DC94A268F}.Debug|Windows ARM.Build.0 = Debug|Any CPU
		{E7761FE6-53C2-46B3-8161-AA4DC94A268F}.Debug|Windows x86.ActiveCfg = Debug|Any CPU
		{E7761FE6-53C2-46B3-8161-AA4DC94A268F}.Debug|Windows x86.Build.0 = Debug|Any CPU
		{E7761FE6-53C2-46B3-8161-AA4DC94A268F}.Release|Android.ActiveCfg = Release|Any CPU
		{E7761FE6-53C2-46B3-8161-AA4DC94A268F}.Release|Android.Build.0 = Release|Any CPU
		{E7761FE6-53C2-46B3-8161-AA4DC94A268F}.Release|iPhone.ActiveCfg = Release|Any CPU
		{E7761FE6-53C2-46B3-8161-AA4DC94A268F}.Release|iPhone.Build.0 = Release|Any CPU
		{E7761FE6-53C2-46B3-8161-AA4DC94A268F}.Release|iPhoneSimulator.ActiveCfg = Release|Any CPU
		{E7761FE6-53C2-46B3-8161-AA4DC94A268F}.Release|iPhoneSimulator.Build.0 = Release|Any CPU
		{E7761FE6-53C2-46B3-8161-AA4DC94A268F}.Release|Windows ARM.ActiveCfg = Release|Any CPU
		{E7761FE6-53C2-46B3-8161-AA4DC94A268F}.Release|Windows x86.ActiveCfg = Release|Any CPU
		{4D0A5BD4-7496-4F80-965C-EF8039445CB3}.Ad-Hoc|Android.ActiveCfg = Debug|Any CPU
		{4D0A5BD4-7496-4F80-965C-EF8039445CB3}.Ad-Hoc|iPhone.ActiveCfg = Release|Any CPU
		{4D0A5BD4-7496-4F80-965C-EF8039445CB3}.Ad-Hoc|iPhone.Build.0 = Release|Any CPU
		{4D0A5BD4-7496-4F80-965C-EF8039445CB3}.Ad-Hoc|iPhoneSimulator.ActiveCfg = Debug|Any CPU
		{4D0A5BD4-7496-4F80-965C-EF8039445CB3}.Ad-Hoc|Windows ARM.ActiveCfg = Debug|Any CPU
		{4D0A5BD4-7496-4F80-965C-EF8039445CB3}.Ad-Hoc|Windows x86.ActiveCfg = Debug|Any CPU
		{4D0A5BD4-7496-4F80-965C-EF8039445CB3}.AppStore|Android.ActiveCfg = Debug|Any CPU
		{4D0A5BD4-7496-4F80-965C-EF8039445CB3}.AppStore|iPhone.ActiveCfg = Release|Any CPU
		{4D0A5BD4-7496-4F80-965C-EF8039445CB3}.AppStore|iPhone.Build.0 = Release|Any CPU
		{4D0A5BD4-7496-4F80-965C-EF8039445CB3}.AppStore|iPhoneSimulator.ActiveCfg = Debug|Any CPU
		{4D0A5BD4-7496-4F80-965C-EF8039445CB3}.AppStore|Windows ARM.ActiveCfg = Debug|Any CPU
		{4D0A5BD4-7496-4F80-965C-EF8039445CB3}.AppStore|Windows x86.ActiveCfg = Debug|Any CPU
		{4D0A5BD4-7496-4F80-965C-EF8039445CB3}.Debug|Android.ActiveCfg = Debug|Any CPU
		{4D0A5BD4-7496-4F80-965C-EF8039445CB3}.Debug|iPhone.ActiveCfg = Debug|Any CPU
		{4D0A5BD4-7496-4F80-965C-EF8039445CB3}.Debug|iPhone.Build.0 = Debug|Any CPU
		{4D0A5BD4-7496-4F80-965C-EF8039445CB3}.Debug|iPhoneSimulator.ActiveCfg = Debug|Any CPU
		{4D0A5BD4-7496-4F80-965C-EF8039445CB3}.Debug|iPhoneSimulator.Build.0 = Debug|Any CPU
		{4D0A5BD4-7496-4F80-965C-EF8039445CB3}.Debug|Windows ARM.ActiveCfg = Debug|Any CPU
		{4D0A5BD4-7496-4F80-965C-EF8039445CB3}.Debug|Windows x86.ActiveCfg = Debug|Any CPU
		{4D0A5BD4-7496-4F80-965C-EF8039445CB3}.Release|Android.ActiveCfg = Release|Any CPU
		{4D0A5BD4-7496-4F80-965C-EF8039445CB3}.Release|iPhone.ActiveCfg = Release|Any CPU
		{4D0A5BD4-7496-4F80-965C-EF8039445CB3}.Release|iPhone.Build.0 = Release|Any CPU
		{4D0A5BD4-7496-4F80-965C-EF8039445CB3}.Release|iPhoneSimulator.ActiveCfg = Release|Any CPU
		{4D0A5BD4-7496-4F80-965C-EF8039445CB3}.Release|iPhoneSimulator.Build.0 = Release|Any CPU
		{4D0A5BD4-7496-4F80-965C-EF8039445CB3}.Release|Windows ARM.ActiveCfg = Release|Any CPU
		{4D0A5BD4-7496-4F80-965C-EF8039445CB3}.Release|Windows x86.ActiveCfg = Release|Any CPU
		{52896B8A-CEEA-49CD-8B43-B0BA972008F7}.Ad-Hoc|Android.ActiveCfg = Release|Any CPU
		{52896B8A-CEEA-49CD-8B43-B0BA972008F7}.Ad-Hoc|iPhone.ActiveCfg = Debug|Any CPU
		{52896B8A-CEEA-49CD-8B43-B0BA972008F7}.Ad-Hoc|iPhone.Build.0 = Debug|Any CPU
		{52896B8A-CEEA-49CD-8B43-B0BA972008F7}.Ad-Hoc|iPhoneSimulator.ActiveCfg = Release|Any CPU
		{52896B8A-CEEA-49CD-8B43-B0BA972008F7}.Ad-Hoc|Windows ARM.ActiveCfg = Release|Any CPU
		{52896B8A-CEEA-49CD-8B43-B0BA972008F7}.Ad-Hoc|Windows x86.ActiveCfg = Release|Any CPU
		{52896B8A-CEEA-49CD-8B43-B0BA972008F7}.AppStore|Android.ActiveCfg = Release|Any CPU
		{52896B8A-CEEA-49CD-8B43-B0BA972008F7}.AppStore|iPhone.ActiveCfg = Debug|Any CPU
		{52896B8A-CEEA-49CD-8B43-B0BA972008F7}.AppStore|iPhone.Build.0 = Debug|Any CPU
		{52896B8A-CEEA-49CD-8B43-B0BA972008F7}.AppStore|iPhoneSimulator.ActiveCfg = Release|Any CPU
		{52896B8A-CEEA-49CD-8B43-B0BA972008F7}.AppStore|Windows ARM.ActiveCfg = Release|Any CPU
		{52896B8A-CEEA-49CD-8B43-B0BA972008F7}.AppStore|Windows x86.ActiveCfg = Release|Any CPU
		{52896B8A-CEEA-49CD-8B43-B0BA972008F7}.Debug|Android.ActiveCfg = Debug|Any CPU
		{52896B8A-CEEA-49CD-8B43-B0BA972008F7}.Debug|Android.Build.0 = Debug|Any CPU
		{52896B8A-CEEA-49CD-8B43-B0BA972008F7}.Debug|iPhone.ActiveCfg = Debug|Any CPU
		{52896B8A-CEEA-49CD-8B43-B0BA972008F7}.Debug|iPhone.Build.0 = Debug|Any CPU
		{52896B8A-CEEA-49CD-8B43-B0BA972008F7}.Debug|iPhoneSimulator.ActiveCfg = Debug|Any CPU
		{52896B8A-CEEA-49CD-8B43-B0BA972008F7}.Debug|iPhoneSimulator.Build.0 = Debug|Any CPU
		{52896B8A-CEEA-49CD-8B43-B0BA972008F7}.Debug|Windows ARM.ActiveCfg = Debug|Any CPU
		{52896B8A-CEEA-49CD-8B43-B0BA972008F7}.Debug|Windows ARM.Build.0 = Debug|Any CPU
		{52896B8A-CEEA-49CD-8B43-B0BA972008F7}.Debug|Windows x86.ActiveCfg = Debug|Any CPU
		{52896B8A-CEEA-49CD-8B43-B0BA972008F7}.Debug|Windows x86.Build.0 = Debug|Any CPU
		{52896B8A-CEEA-49CD-8B43-B0BA972008F7}.Release|Android.ActiveCfg = Release|Any CPU
		{52896B8A-CEEA-49CD-8B43-B0BA972008F7}.Release|Android.Build.0 = Release|Any CPU
		{52896B8A-CEEA-49CD-8B43-B0BA972008F7}.Release|iPhone.ActiveCfg = Release|Any CPU
		{52896B8A-CEEA-49CD-8B43-B0BA972008F7}.Release|iPhone.Build.0 = Release|Any CPU
		{52896B8A-CEEA-49CD-8B43-B0BA972008F7}.Release|iPhoneSimulator.ActiveCfg = Release|Any CPU
		{52896B8A-CEEA-49CD-8B43-B0BA972008F7}.Release|iPhoneSimulator.Build.0 = Release|Any CPU
		{52896B8A-CEEA-49CD-8B43-B0BA972008F7}.Release|Windows ARM.ActiveCfg = Release|Any CPU
		{52896B8A-CEEA-49CD-8B43-B0BA972008F7}.Release|Windows ARM.Build.0 = Release|Any CPU
		{52896B8A-CEEA-49CD-8B43-B0BA972008F7}.Release|Windows x86.ActiveCfg = Release|Any CPU
		{52896B8A-CEEA-49CD-8B43-B0BA972008F7}.Release|Windows x86.Build.0 = Release|Any CPU
		{69473C46-3A43-4EEA-A744-86BD5A924BA2}.Ad-Hoc|Android.ActiveCfg = Release|Any CPU
		{69473C46-3A43-4EEA-A744-86BD5A924BA2}.Ad-Hoc|iPhone.ActiveCfg = Debug|Any CPU
		{69473C46-3A43-4EEA-A744-86BD5A924BA2}.Ad-Hoc|iPhoneSimulator.ActiveCfg = Release|Any CPU
		{69473C46-3A43-4EEA-A744-86BD5A924BA2}.Ad-Hoc|Windows ARM.ActiveCfg = Release|Any CPU
		{69473C46-3A43-4EEA-A744-86BD5A924BA2}.Ad-Hoc|Windows x86.ActiveCfg = Release|Any CPU
		{69473C46-3A43-4EEA-A744-86BD5A924BA2}.AppStore|Android.ActiveCfg = Release|Any CPU
		{69473C46-3A43-4EEA-A744-86BD5A924BA2}.AppStore|iPhone.ActiveCfg = Debug|Any CPU
		{69473C46-3A43-4EEA-A744-86BD5A924BA2}.AppStore|iPhoneSimulator.ActiveCfg = Release|Any CPU
		{69473C46-3A43-4EEA-A744-86BD5A924BA2}.AppStore|Windows ARM.ActiveCfg = Release|Any CPU
		{69473C46-3A43-4EEA-A744-86BD5A924BA2}.AppStore|Windows x86.ActiveCfg = Release|Any CPU
		{69473C46-3A43-4EEA-A744-86BD5A924BA2}.Debug|Android.ActiveCfg = Debug|Any CPU
		{69473C46-3A43-4EEA-A744-86BD5A924BA2}.Debug|Android.Build.0 = Debug|Any CPU
		{69473C46-3A43-4EEA-A744-86BD5A924BA2}.Debug|iPhone.ActiveCfg = Debug|Any CPU
		{69473C46-3A43-4EEA-A744-86BD5A924BA2}.Debug|iPhoneSimulator.ActiveCfg = Debug|Any CPU
		{69473C46-3A43-4EEA-A744-86BD5A924BA2}.Debug|Windows ARM.ActiveCfg = Debug|Any CPU
		{69473C46-3A43-4EEA-A744-86BD5A924BA2}.Debug|Windows x86.ActiveCfg = Debug|Any CPU
		{69473C46-3A43-4EEA-A744-86BD5A924BA2}.Release|Android.ActiveCfg = Release|Any CPU
		{69473C46-3A43-4EEA-A744-86BD5A924BA2}.Release|Android.Build.0 = Release|Any CPU
		{69473C46-3A43-4EEA-A744-86BD5A924BA2}.Release|iPhone.ActiveCfg = Release|Any CPU
		{69473C46-3A43-4EEA-A744-86BD5A924BA2}.Release|iPhoneSimulator.ActiveCfg = Release|Any CPU
		{69473C46-3A43-4EEA-A744-86BD5A924BA2}.Release|Windows ARM.ActiveCfg = Release|Any CPU
		{69473C46-3A43-4EEA-A744-86BD5A924BA2}.Release|Windows x86.ActiveCfg = Release|Any CPU
		{3D55B9CE-6E15-4960-B13C-E06F1398C110}.Ad-Hoc|Android.ActiveCfg = Release|Any CPU
		{3D55B9CE-6E15-4960-B13C-E06F1398C110}.Ad-Hoc|iPhone.ActiveCfg = Debug|Any CPU
		{3D55B9CE-6E15-4960-B13C-E06F1398C110}.Ad-Hoc|iPhoneSimulator.ActiveCfg = Release|Any CPU
		{3D55B9CE-6E15-4960-B13C-E06F1398C110}.Ad-Hoc|Windows ARM.ActiveCfg = Release|Any CPU
		{3D55B9CE-6E15-4960-B13C-E06F1398C110}.Ad-Hoc|Windows x86.ActiveCfg = Release|Any CPU
		{3D55B9CE-6E15-4960-B13C-E06F1398C110}.AppStore|Android.ActiveCfg = Release|Any CPU
		{3D55B9CE-6E15-4960-B13C-E06F1398C110}.AppStore|iPhone.ActiveCfg = Debug|Any CPU
		{3D55B9CE-6E15-4960-B13C-E06F1398C110}.AppStore|iPhoneSimulator.ActiveCfg = Release|Any CPU
		{3D55B9CE-6E15-4960-B13C-E06F1398C110}.AppStore|Windows ARM.ActiveCfg = Release|Any CPU
		{3D55B9CE-6E15-4960-B13C-E06F1398C110}.AppStore|Windows x86.ActiveCfg = Release|Any CPU
		{3D55B9CE-6E15-4960-B13C-E06F1398C110}.Debug|Android.ActiveCfg = Debug|Any CPU
		{3D55B9CE-6E15-4960-B13C-E06F1398C110}.Debug|Android.Build.0 = Debug|Any CPU
		{3D55B9CE-6E15-4960-B13C-E06F1398C110}.Debug|Android.Deploy.0 = Debug|Any CPU
		{3D55B9CE-6E15-4960-B13C-E06F1398C110}.Debug|iPhone.ActiveCfg = Debug|Any CPU
		{3D55B9CE-6E15-4960-B13C-E06F1398C110}.Debug|iPhoneSimulator.ActiveCfg = Debug|Any CPU
		{3D55B9CE-6E15-4960-B13C-E06F1398C110}.Debug|Windows ARM.ActiveCfg = Debug|Any CPU
		{3D55B9CE-6E15-4960-B13C-E06F1398C110}.Debug|Windows x86.ActiveCfg = Debug|Any CPU
		{3D55B9CE-6E15-4960-B13C-E06F1398C110}.Release|Android.ActiveCfg = Release|Any CPU
		{3D55B9CE-6E15-4960-B13C-E06F1398C110}.Release|Android.Build.0 = Release|Any CPU
		{3D55B9CE-6E15-4960-B13C-E06F1398C110}.Release|Android.Deploy.0 = Release|Any CPU
		{3D55B9CE-6E15-4960-B13C-E06F1398C110}.Release|iPhone.ActiveCfg = Release|Any CPU
		{3D55B9CE-6E15-4960-B13C-E06F1398C110}.Release|iPhoneSimulator.ActiveCfg = Release|Any CPU
		{3D55B9CE-6E15-4960-B13C-E06F1398C110}.Release|Windows ARM.ActiveCfg = Release|Any CPU
		{3D55B9CE-6E15-4960-B13C-E06F1398C110}.Release|Windows x86.ActiveCfg = Release|Any CPU
		{24AFB0C5-B543-4D57-91E9-9048D6E655B1}.Ad-Hoc|Android.ActiveCfg = Release|Any CPU
		{24AFB0C5-B543-4D57-91E9-9048D6E655B1}.Ad-Hoc|iPhone.ActiveCfg = Debug|Any CPU
		{24AFB0C5-B543-4D57-91E9-9048D6E655B1}.Ad-Hoc|iPhone.Build.0 = Debug|Any CPU
		{24AFB0C5-B543-4D57-91E9-9048D6E655B1}.Ad-Hoc|iPhoneSimulator.ActiveCfg = Release|Any CPU
		{24AFB0C5-B543-4D57-91E9-9048D6E655B1}.Ad-Hoc|Windows ARM.ActiveCfg = Release|Any CPU
		{24AFB0C5-B543-4D57-91E9-9048D6E655B1}.Ad-Hoc|Windows x86.ActiveCfg = Release|Any CPU
		{24AFB0C5-B543-4D57-91E9-9048D6E655B1}.AppStore|Android.ActiveCfg = Release|Any CPU
		{24AFB0C5-B543-4D57-91E9-9048D6E655B1}.AppStore|iPhone.ActiveCfg = Debug|Any CPU
		{24AFB0C5-B543-4D57-91E9-9048D6E655B1}.AppStore|iPhone.Build.0 = Debug|Any CPU
		{24AFB0C5-B543-4D57-91E9-9048D6E655B1}.AppStore|iPhoneSimulator.ActiveCfg = Release|Any CPU
		{24AFB0C5-B543-4D57-91E9-9048D6E655B1}.AppStore|Windows ARM.ActiveCfg = Release|Any CPU
		{24AFB0C5-B543-4D57-91E9-9048D6E655B1}.AppStore|Windows x86.ActiveCfg = Release|Any CPU
		{24AFB0C5-B543-4D57-91E9-9048D6E655B1}.Debug|Android.ActiveCfg = Debug|Any CPU
		{24AFB0C5-B543-4D57-91E9-9048D6E655B1}.Debug|iPhone.ActiveCfg = Debug|Any CPU
		{24AFB0C5-B543-4D57-91E9-9048D6E655B1}.Debug|iPhone.Build.0 = Debug|Any CPU
		{24AFB0C5-B543-4D57-91E9-9048D6E655B1}.Debug|iPhoneSimulator.ActiveCfg = Debug|Any CPU
		{24AFB0C5-B543-4D57-91E9-9048D6E655B1}.Debug|iPhoneSimulator.Build.0 = Debug|Any CPU
		{24AFB0C5-B543-4D57-91E9-9048D6E655B1}.Debug|Windows ARM.ActiveCfg = Debug|Any CPU
		{24AFB0C5-B543-4D57-91E9-9048D6E655B1}.Debug|Windows x86.ActiveCfg = Debug|Any CPU
		{24AFB0C5-B543-4D57-91E9-9048D6E655B1}.Release|Android.ActiveCfg = Release|Any CPU
		{24AFB0C5-B543-4D57-91E9-9048D6E655B1}.Release|iPhone.ActiveCfg = Release|Any CPU
		{24AFB0C5-B543-4D57-91E9-9048D6E655B1}.Release|iPhone.Build.0 = Release|Any CPU
		{24AFB0C5-B543-4D57-91E9-9048D6E655B1}.Release|iPhoneSimulator.ActiveCfg = Release|Any CPU
		{24AFB0C5-B543-4D57-91E9-9048D6E655B1}.Release|iPhoneSimulator.Build.0 = Release|Any CPU
		{24AFB0C5-B543-4D57-91E9-9048D6E655B1}.Release|Windows ARM.ActiveCfg = Release|Any CPU
		{24AFB0C5-B543-4D57-91E9-9048D6E655B1}.Release|Windows x86.ActiveCfg = Release|Any CPU
		{6E3FC298-C421-4958-88A1-3D35B99CAC54}.Ad-Hoc|Android.ActiveCfg = Ad-Hoc|iPhone
		{6E3FC298-C421-4958-88A1-3D35B99CAC54}.Ad-Hoc|iPhone.ActiveCfg = Ad-Hoc|iPhone
		{6E3FC298-C421-4958-88A1-3D35B99CAC54}.Ad-Hoc|iPhone.Build.0 = Ad-Hoc|iPhone
		{6E3FC298-C421-4958-88A1-3D35B99CAC54}.Ad-Hoc|iPhoneSimulator.ActiveCfg = Ad-Hoc|iPhone
		{6E3FC298-C421-4958-88A1-3D35B99CAC54}.Ad-Hoc|Windows ARM.ActiveCfg = Ad-Hoc|iPhoneSimulator
		{6E3FC298-C421-4958-88A1-3D35B99CAC54}.Ad-Hoc|Windows x86.ActiveCfg = Ad-Hoc|iPhoneSimulator
		{6E3FC298-C421-4958-88A1-3D35B99CAC54}.AppStore|Android.ActiveCfg = AppStore|iPhone
		{6E3FC298-C421-4958-88A1-3D35B99CAC54}.AppStore|iPhone.ActiveCfg = AppStore|iPhone
		{6E3FC298-C421-4958-88A1-3D35B99CAC54}.AppStore|iPhone.Build.0 = AppStore|iPhone
		{6E3FC298-C421-4958-88A1-3D35B99CAC54}.AppStore|iPhoneSimulator.ActiveCfg = AppStore|iPhone
		{6E3FC298-C421-4958-88A1-3D35B99CAC54}.AppStore|Windows ARM.ActiveCfg = AppStore|iPhoneSimulator
		{6E3FC298-C421-4958-88A1-3D35B99CAC54}.AppStore|Windows x86.ActiveCfg = AppStore|iPhoneSimulator
		{6E3FC298-C421-4958-88A1-3D35B99CAC54}.Debug|Android.ActiveCfg = Debug|iPhoneSimulator
		{6E3FC298-C421-4958-88A1-3D35B99CAC54}.Debug|iPhone.ActiveCfg = Debug|iPhone
		{6E3FC298-C421-4958-88A1-3D35B99CAC54}.Debug|iPhone.Build.0 = Debug|iPhone
		{6E3FC298-C421-4958-88A1-3D35B99CAC54}.Debug|iPhoneSimulator.ActiveCfg = Debug|iPhoneSimulator
		{6E3FC298-C421-4958-88A1-3D35B99CAC54}.Debug|iPhoneSimulator.Build.0 = Debug|iPhoneSimulator
		{6E3FC298-C421-4958-88A1-3D35B99CAC54}.Debug|Windows ARM.ActiveCfg = Debug|iPhone
		{6E3FC298-C421-4958-88A1-3D35B99CAC54}.Debug|Windows x86.ActiveCfg = Debug|iPhone
		{6E3FC298-C421-4958-88A1-3D35B99CAC54}.Release|Android.ActiveCfg = Release|iPhoneSimulator
		{6E3FC298-C421-4958-88A1-3D35B99CAC54}.Release|iPhone.ActiveCfg = Release|iPhone
		{6E3FC298-C421-4958-88A1-3D35B99CAC54}.Release|iPhone.Build.0 = Release|iPhone
		{6E3FC298-C421-4958-88A1-3D35B99CAC54}.Release|iPhoneSimulator.ActiveCfg = Release|iPhoneSimulator
		{6E3FC298-C421-4958-88A1-3D35B99CAC54}.Release|iPhoneSimulator.Build.0 = Release|iPhoneSimulator
		{6E3FC298-C421-4958-88A1-3D35B99CAC54}.Release|Windows ARM.ActiveCfg = Release|iPhone
		{6E3FC298-C421-4958-88A1-3D35B99CAC54}.Release|Windows x86.ActiveCfg = Release|iPhone
		{7B00ED83-7CC5-4DFB-8D01-E16B4F4C14DB}.Ad-Hoc|Android.ActiveCfg = Release|Any CPU
		{7B00ED83-7CC5-4DFB-8D01-E16B4F4C14DB}.Ad-Hoc|iPhone.ActiveCfg = Release|Any CPU
		{7B00ED83-7CC5-4DFB-8D01-E16B4F4C14DB}.Ad-Hoc|iPhoneSimulator.ActiveCfg = Release|Any CPU
		{7B00ED83-7CC5-4DFB-8D01-E16B4F4C14DB}.Ad-Hoc|Windows ARM.ActiveCfg = Release|ARM
		{7B00ED83-7CC5-4DFB-8D01-E16B4F4C14DB}.Ad-Hoc|Windows x86.ActiveCfg = Release|x86
		{7B00ED83-7CC5-4DFB-8D01-E16B4F4C14DB}.AppStore|Android.ActiveCfg = Release|Any CPU
		{7B00ED83-7CC5-4DFB-8D01-E16B4F4C14DB}.AppStore|Android.Build.0 = Release|Any CPU
		{7B00ED83-7CC5-4DFB-8D01-E16B4F4C14DB}.AppStore|iPhone.ActiveCfg = Release|Any CPU
		{7B00ED83-7CC5-4DFB-8D01-E16B4F4C14DB}.AppStore|iPhoneSimulator.ActiveCfg = Release|Any CPU
		{7B00ED83-7CC5-4DFB-8D01-E16B4F4C14DB}.AppStore|Windows ARM.ActiveCfg = Release|ARM
		{7B00ED83-7CC5-4DFB-8D01-E16B4F4C14DB}.AppStore|Windows ARM.Build.0 = Release|ARM
		{7B00ED83-7CC5-4DFB-8D01-E16B4F4C14DB}.AppStore|Windows x86.ActiveCfg = Release|x86
		{7B00ED83-7CC5-4DFB-8D01-E16B4F4C14DB}.AppStore|Windows x86.Build.0 = Release|x86
		{7B00ED83-7CC5-4DFB-8D01-E16B4F4C14DB}.Debug|Android.ActiveCfg = Debug|Any CPU
		{7B00ED83-7CC5-4DFB-8D01-E16B4F4C14DB}.Debug|iPhone.ActiveCfg = Debug|Any CPU
		{7B00ED83-7CC5-4DFB-8D01-E16B4F4C14DB}.Debug|iPhoneSimulator.ActiveCfg = Debug|Any CPU
		{7B00ED83-7CC5-4DFB-8D01-E16B4F4C14DB}.Debug|Windows ARM.ActiveCfg = Debug|ARM
		{7B00ED83-7CC5-4DFB-8D01-E16B4F4C14DB}.Debug|Windows ARM.Build.0 = Debug|ARM
		{7B00ED83-7CC5-4DFB-8D01-E16B4F4C14DB}.Debug|Windows x86.ActiveCfg = Debug|x86
		{7B00ED83-7CC5-4DFB-8D01-E16B4F4C14DB}.Debug|Windows x86.Build.0 = Debug|x86
		{7B00ED83-7CC5-4DFB-8D01-E16B4F4C14DB}.Release|Android.ActiveCfg = Release|Any CPU
		{7B00ED83-7CC5-4DFB-8D01-E16B4F4C14DB}.Release|iPhone.ActiveCfg = Release|Any CPU
		{7B00ED83-7CC5-4DFB-8D01-E16B4F4C14DB}.Release|iPhoneSimulator.ActiveCfg = Release|Any CPU
		{7B00ED83-7CC5-4DFB-8D01-E16B4F4C14DB}.Release|Windows ARM.ActiveCfg = Release|ARM
		{7B00ED83-7CC5-4DFB-8D01-E16B4F4C14DB}.Release|Windows ARM.Build.0 = Release|ARM
		{7B00ED83-7CC5-4DFB-8D01-E16B4F4C14DB}.Release|Windows x86.ActiveCfg = Release|x86
		{7B00ED83-7CC5-4DFB-8D01-E16B4F4C14DB}.Release|Windows x86.Build.0 = Release|x86
		{ED7DCA37-B318-4E6D-847D-CFA30B94A26C}.Ad-Hoc|Android.ActiveCfg = Release|Any CPU
		{ED7DCA37-B318-4E6D-847D-CFA30B94A26C}.Ad-Hoc|iPhone.ActiveCfg = Release|Any CPU
		{ED7DCA37-B318-4E6D-847D-CFA30B94A26C}.Ad-Hoc|iPhoneSimulator.ActiveCfg = Release|Any CPU
		{ED7DCA37-B318-4E6D-847D-CFA30B94A26C}.Ad-Hoc|Windows ARM.ActiveCfg = Release|Any CPU
		{ED7DCA37-B318-4E6D-847D-CFA30B94A26C}.Ad-Hoc|Windows x86.ActiveCfg = Release|Any CPU
		{ED7DCA37-B318-4E6D-847D-CFA30B94A26C}.AppStore|Android.ActiveCfg = Release|Any CPU
		{ED7DCA37-B318-4E6D-847D-CFA30B94A26C}.AppStore|iPhone.ActiveCfg = Release|Any CPU
		{ED7DCA37-B318-4E6D-847D-CFA30B94A26C}.AppStore|iPhoneSimulator.ActiveCfg = Release|Any CPU
		{ED7DCA37-B318-4E6D-847D-CFA30B94A26C}.AppStore|Windows ARM.ActiveCfg = Release|Any CPU
		{ED7DCA37-B318-4E6D-847D-CFA30B94A26C}.AppStore|Windows x86.ActiveCfg = Release|Any CPU
		{ED7DCA37-B318-4E6D-847D-CFA30B94A26C}.Debug|Android.ActiveCfg = Debug|Any CPU
		{ED7DCA37-B318-4E6D-847D-CFA30B94A26C}.Debug|iPhone.ActiveCfg = Debug|Any CPU
		{ED7DCA37-B318-4E6D-847D-CFA30B94A26C}.Debug|iPhoneSimulator.ActiveCfg = Debug|Any CPU
		{ED7DCA37-B318-4E6D-847D-CFA30B94A26C}.Debug|Windows ARM.ActiveCfg = Debug|ARM
		{ED7DCA37-B318-4E6D-847D-CFA30B94A26C}.Debug|Windows ARM.Build.0 = Debug|ARM
		{ED7DCA37-B318-4E6D-847D-CFA30B94A26C}.Debug|Windows ARM.Deploy.0 = Debug|ARM
		{ED7DCA37-B318-4E6D-847D-CFA30B94A26C}.Debug|Windows x86.ActiveCfg = Debug|x86
		{ED7DCA37-B318-4E6D-847D-CFA30B94A26C}.Debug|Windows x86.Build.0 = Debug|x86
		{ED7DCA37-B318-4E6D-847D-CFA30B94A26C}.Debug|Windows x86.Deploy.0 = Debug|x86
		{ED7DCA37-B318-4E6D-847D-CFA30B94A26C}.Release|Android.ActiveCfg = Release|Any CPU
		{ED7DCA37-B318-4E6D-847D-CFA30B94A26C}.Release|iPhone.ActiveCfg = Release|Any CPU
		{ED7DCA37-B318-4E6D-847D-CFA30B94A26C}.Release|iPhoneSimulator.ActiveCfg = Release|Any CPU
		{ED7DCA37-B318-4E6D-847D-CFA30B94A26C}.Release|Windows ARM.ActiveCfg = Release|ARM
		{ED7DCA37-B318-4E6D-847D-CFA30B94A26C}.Release|Windows ARM.Build.0 = Release|ARM
		{ED7DCA37-B318-4E6D-847D-CFA30B94A26C}.Release|Windows ARM.Deploy.0 = Release|ARM
		{ED7DCA37-B318-4E6D-847D-CFA30B94A26C}.Release|Windows x86.ActiveCfg = Release|x86
		{ED7DCA37-B318-4E6D-847D-CFA30B94A26C}.Release|Windows x86.Build.0 = Release|x86
		{ED7DCA37-B318-4E6D-847D-CFA30B94A26C}.Release|Windows x86.Deploy.0 = Release|x86
		{43FBB948-8431-4612-ABFB-4990E73AF62C}.Ad-Hoc|Android.ActiveCfg = Release|Any CPU
		{43FBB948-8431-4612-ABFB-4990E73AF62C}.Ad-Hoc|iPhone.ActiveCfg = Release|Any CPU
		{43FBB948-8431-4612-ABFB-4990E73AF62C}.Ad-Hoc|iPhoneSimulator.ActiveCfg = Release|Any CPU
		{43FBB948-8431-4612-ABFB-4990E73AF62C}.Ad-Hoc|Windows ARM.ActiveCfg = Release|Any CPU
		{43FBB948-8431-4612-ABFB-4990E73AF62C}.Ad-Hoc|Windows x86.ActiveCfg = Release|Any CPU
		{43FBB948-8431-4612-ABFB-4990E73AF62C}.AppStore|Android.ActiveCfg = Release|Any CPU
		{43FBB948-8431-4612-ABFB-4990E73AF62C}.AppStore|iPhone.ActiveCfg = Release|Any CPU
		{43FBB948-8431-4612-ABFB-4990E73AF62C}.AppStore|iPhoneSimulator.ActiveCfg = Release|Any CPU
		{43FBB948-8431-4612-ABFB-4990E73AF62C}.AppStore|Windows ARM.ActiveCfg = Release|Any CPU
		{43FBB948-8431-4612-ABFB-4990E73AF62C}.AppStore|Windows x86.ActiveCfg = Release|Any CPU
		{43FBB948-8431-4612-ABFB-4990E73AF62C}.Debug|Android.ActiveCfg = Debug|Any CPU
		{43FBB948-8431-4612-ABFB-4990E73AF62C}.Debug|iPhone.ActiveCfg = Debug|Any CPU
		{43FBB948-8431-4612-ABFB-4990E73AF62C}.Debug|iPhoneSimulator.ActiveCfg = Debug|Any CPU
		{43FBB948-8431-4612-ABFB-4990E73AF62C}.Debug|Windows ARM.ActiveCfg = Debug|ARM
		{43FBB948-8431-4612-ABFB-4990E73AF62C}.Debug|Windows ARM.Build.0 = Debug|ARM
		{43FBB948-8431-4612-ABFB-4990E73AF62C}.Debug|Windows x86.ActiveCfg = Debug|x86
		{43FBB948-8431-4612-ABFB-4990E73AF62C}.Debug|Windows x86.Build.0 = Debug|x86
		{43FBB948-8431-4612-ABFB-4990E73AF62C}.Release|Android.ActiveCfg = Release|Any CPU
		{43FBB948-8431-4612-ABFB-4990E73AF62C}.Release|iPhone.ActiveCfg = Release|Any CPU
		{43FBB948-8431-4612-ABFB-4990E73AF62C}.Release|iPhoneSimulator.ActiveCfg = Release|Any CPU
		{43FBB948-8431-4612-ABFB-4990E73AF62C}.Release|Windows ARM.ActiveCfg = Release|ARM
		{43FBB948-8431-4612-ABFB-4990E73AF62C}.Release|Windows ARM.Build.0 = Release|ARM
		{43FBB948-8431-4612-ABFB-4990E73AF62C}.Release|Windows x86.ActiveCfg = Release|x86
		{43FBB948-8431-4612-ABFB-4990E73AF62C}.Release|Windows x86.Build.0 = Release|x86
		{4662B145-E3AE-44F8-8C76-C83447B162A1}.Ad-Hoc|Android.ActiveCfg = Release|Any CPU
		{4662B145-E3AE-44F8-8C76-C83447B162A1}.Ad-Hoc|iPhone.ActiveCfg = Release|Any CPU
		{4662B145-E3AE-44F8-8C76-C83447B162A1}.Ad-Hoc|iPhoneSimulator.ActiveCfg = Release|Any CPU
		{4662B145-E3AE-44F8-8C76-C83447B162A1}.Ad-Hoc|Windows ARM.ActiveCfg = Release|Any CPU
		{4662B145-E3AE-44F8-8C76-C83447B162A1}.Ad-Hoc|Windows x86.ActiveCfg = Release|Any CPU
		{4662B145-E3AE-44F8-8C76-C83447B162A1}.AppStore|Android.ActiveCfg = Release|Any CPU
		{4662B145-E3AE-44F8-8C76-C83447B162A1}.AppStore|iPhone.ActiveCfg = Release|Any CPU
		{4662B145-E3AE-44F8-8C76-C83447B162A1}.AppStore|iPhoneSimulator.ActiveCfg = Release|Any CPU
		{4662B145-E3AE-44F8-8C76-C83447B162A1}.AppStore|Windows ARM.ActiveCfg = Release|Any CPU
		{4662B145-E3AE-44F8-8C76-C83447B162A1}.AppStore|Windows x86.ActiveCfg = Release|Any CPU
		{4662B145-E3AE-44F8-8C76-C83447B162A1}.Debug|Android.ActiveCfg = Debug|Any CPU
		{4662B145-E3AE-44F8-8C76-C83447B162A1}.Debug|iPhone.ActiveCfg = Debug|Any CPU
		{4662B145-E3AE-44F8-8C76-C83447B162A1}.Debug|iPhoneSimulator.ActiveCfg = Debug|Any CPU
		{4662B145-E3AE-44F8-8C76-C83447B162A1}.Debug|Windows ARM.ActiveCfg = Debug|ARM
		{4662B145-E3AE-44F8-8C76-C83447B162A1}.Debug|Windows ARM.Build.0 = Debug|ARM
		{4662B145-E3AE-44F8-8C76-C83447B162A1}.Debug|Windows ARM.Deploy.0 = Debug|ARM
		{4662B145-E3AE-44F8-8C76-C83447B162A1}.Debug|Windows x86.ActiveCfg = Debug|x86
		{4662B145-E3AE-44F8-8C76-C83447B162A1}.Debug|Windows x86.Build.0 = Debug|x86
		{4662B145-E3AE-44F8-8C76-C83447B162A1}.Debug|Windows x86.Deploy.0 = Debug|x86
		{4662B145-E3AE-44F8-8C76-C83447B162A1}.Release|Android.ActiveCfg = Release|Any CPU
		{4662B145-E3AE-44F8-8C76-C83447B162A1}.Release|iPhone.ActiveCfg = Release|Any CPU
		{4662B145-E3AE-44F8-8C76-C83447B162A1}.Release|iPhoneSimulator.ActiveCfg = Release|Any CPU
		{4662B145-E3AE-44F8-8C76-C83447B162A1}.Release|Windows ARM.ActiveCfg = Release|ARM
		{4662B145-E3AE-44F8-8C76-C83447B162A1}.Release|Windows ARM.Build.0 = Release|ARM
		{4662B145-E3AE-44F8-8C76-C83447B162A1}.Release|Windows ARM.Deploy.0 = Release|ARM
		{4662B145-E3AE-44F8-8C76-C83447B162A1}.Release|Windows x86.ActiveCfg = Release|x86
		{4662B145-E3AE-44F8-8C76-C83447B162A1}.Release|Windows x86.Build.0 = Release|x86
		{4662B145-E3AE-44F8-8C76-C83447B162A1}.Release|Windows x86.Deploy.0 = Release|x86
	EndGlobalSection
	GlobalSection(SolutionProperties) = preSolution
		HideSolutionNode = FALSE
	EndGlobalSection
	GlobalSection(MonoDevelopProperties) = preSolution
		StartupItem = XPlatMvvmLabApp.Android\XPlatMvvmLabApp.Android.csproj
	EndGlobalSection
EndGlobal
